
Microsoft Visual Studio Solution File, Format Version 12.00
# Visual Studio Version 17
VisualStudioVersion = 17.4.33103.184
MinimumVisualStudioVersion = 10.0.40219.1
Project("{FAE04EC0-301F-11D3-BF4B-00C04F79EFBC}") = "MORONGWA", "MORONGWA\MORONGWA.csproj", "{90027D73-548C-4AF0-AF83-F60422981D6B}"
EndProject
Global
	GlobalSection(SolutionConfigurationPlatforms) = preSolution
		Debug|Any CPU = Debug|Any CPU
		Release|Any CPU = Release|Any CPU
	EndGlobalSection
	GlobalSection(ProjectConfigurationPlatforms) = postSolution
		{90027D73-548C-4AF0-AF83-F60422981D6B}.Debug|Any CPU.ActiveCfg = Debug|Any CPU
		{90027D73-548C-4AF0-AF83-F60422981D6B}.Debug|Any CPU.Build.0 = Debug|Any CPU
		{90027D73-548C-4AF0-AF83-F60422981D6B}.Release|Any CPU.ActiveCfg = Release|Any CPU
		{90027D73-548C-4AF0-AF83-F60422981D6B}.Release|Any CPU.Build.0 = Release|Any CPU
	EndGlobalSection
	GlobalSection(SolutionProperties) = preSolution
		HideSolutionNode = FALSE
	EndGlobalSection
	GlobalSection(ExtensibilityGlobals) = postSolution
		SolutionGuid = {D49BBD70-8DCD-49C4-A32E-315A375DD0B4}
	EndGlobalSection
EndGlobal
